{
    "name": "@creative-tim-official/argon-dashboard-free",
    "version": "1.0.0",
    "lockfileVersion": 1,
    "requires": true,
    "dependencies": {
        "dompurify": {
            "version": "1.0.11",
            "resolved": "https://registry.npmjs.org/dompurify/-/dompurify-1.0.11.tgz",
            "integrity": "sha512-XywCTXZtc/qCX3iprD1pIklRVk/uhl8BKpkTxr+ZyMVUzSUg7wkQXRBp/euJ5J5moa1QvfpvaPQVP71z1O59dQ=="
        },
        "simditor": {
            "version": "2.3.28",
            "resolved": "https://registry.npmjs.org/simditor/-/simditor-2.3.28.tgz",
            "integrity": "sha512-nO20L2NZ3LsGZtvX291hd0gHiBLC56Oh/SHTwektM1tNBD35wQ0moFHoQ7Yumt9XoRiZL3aCQT2mv4jcVC3clQ==",
            "requires": {
                "dompurify": "^1.0.8",
                "jquery": "^3.4.1",
                "simple-hotkeys": "^1.0.3",
                "simple-module": "^3.0.3",
                "simple-uploader": "^3.0.0"
            },
            "dependencies": {
                "jquery": {
                    "version": "3.4.1",
                    "resolved": "https://registry.npmjs.org/jquery/-/jquery-3.4.1.tgz",
                    "integrity": "sha512-36+AdBzCL+y6qjw5Tx7HgzeGCzC81MDDgaUP8ld2zhx58HdqXGoBd+tHdrBMiyjGQs0Hxs/MLZTu/eHNJJuWPw=="
                }
            }
        },
        "simple-hotkeys": {
            "version": "1.0.3",
            "resolved": "https://registry.npmjs.org/simple-hotkeys/-/simple-hotkeys-1.0.3.tgz",
            "integrity": "sha1-R6W8NTYspzOWEb0JqE+jeBiwu8Y=",
            "requires": {
                "jquery": "2.x",
                "simple-module": "~2.0.5"
            },
            "dependencies": {
                "jquery": {
                    "version": "2.2.4",
                    "resolved": "https://registry.npmjs.org/jquery/-/jquery-2.2.4.tgz",
                    "integrity": "sha1-LInWiJterFIqfuoywUUhVZxsvwI="
                },
                "simple-module": {
                    "version": "2.0.6",
                    "resolved": "https://registry.npmjs.org/simple-module/-/simple-module-2.0.6.tgz",
                    "integrity": "sha1-zsglAyX4x/V19Kp1yRmzg5amA3s=",
                    "requires": {
                        "jquery": "2.x"
                    }
                }
            }
        },
        "simple-module": {
            "version": "3.0.3",
            "resolved": "https://registry.npmjs.org/simple-module/-/simple-module-3.0.3.tgz",
            "integrity": "sha1-rVJ2Z4XSfNlCfuhkWknkEZlyWpI=",
            "requires": {
                "jquery": "^3.0.0"
            },
            "dependencies": {
                "jquery": {
                    "version": "3.4.1",
                    "resolved": "https://registry.npmjs.org/jquery/-/jquery-3.4.1.tgz",
                    "integrity": "sha512-36+AdBzCL+y6qjw5Tx7HgzeGCzC81MDDgaUP8ld2zhx58HdqXGoBd+tHdrBMiyjGQs0Hxs/MLZTu/eHNJJuWPw=="
                }
            }
        },
        "simple-uploader": {
            "version": "3.0.0",
            "resolved": "https://registry.npmjs.org/simple-uploader/-/simple-uploader-3.0.0.tgz",
            "integrity": "sha1-wJ9wbxz8vqH+eA41dZpoOxM21NE=",
            "requires": {
                "jquery": "~3.1.0",
                "simple-module": "~3.0.0"
            },
            "dependencies": {
                "jquery": {
                    "version": "3.1.1",
                    "resolved": "https://registry.npmjs.org/jquery/-/jquery-3.1.1.tgz",
                    "integrity": "sha1-NHwcIcfgBBFeCk2jLOzgQfrTyKM="
                }
            }
        },
        "sweetalert2": {
            "version": "9.17.1",
            "resolved": "https://registry.npmjs.org/sweetalert2/-/sweetalert2-9.17.1.tgz",
            "integrity": "sha512-D/VE2lT/bKd64/RBglLUtQ+3nsftzjzIiP2iqN6zPzPwf+2djIY+4k8Bg430zxRUn4DkZzyIuU58q3n0J43lvw=="
        }
    }
}
